
Microsoft Visual Studio Solution File, Format Version 12.00
# Visual Studio 15
VisualStudioVersion = 15.0.28010.2003
MinimumVisualStudioVersion = 10.0.40219.1
Project("{FAE04EC0-301F-11D3-BF4B-00C04F79EFBC}") = "ALPR-GUI", "ALPR-GUI\ALPR-GUI.csproj", "{E57B5951-06A5-4F77-955D-8F2338C65D04}"
EndProject
Global
	GlobalSection(SolutionConfigurationPlatforms) = preSolution
		Debug|Any CPU = Debug|Any CPU
		Release|Any CPU = Release|Any CPU
	EndGlobalSection
	GlobalSection(ProjectConfigurationPlatforms) = postSolution
		{E57B5951-06A5-4F77-955D-8F2338C65D04}.Debug|Any CPU.ActiveCfg = Debug|Any CPU
		{E57B5951-06A5-4F77-955D-8F2338C65D04}.Debug|Any CPU.Build.0 = Debug|Any CPU
		{E57B5951-06A5-4F77-955D-8F2338C65D04}.Release|Any CPU.ActiveCfg = Release|Any CPU
		{E57B5951-06A5-4F77-955D-8F2338C65D04}.Release|Any CPU.Build.0 = Release|Any CPU
	EndGlobalSection
	GlobalSection(SolutionProperties) = preSolution
		HideSolutionNode = FALSE
	EndGlobalSection
	GlobalSection(ExtensibilityGlobals) = postSolution
		SolutionGuid = {3C91BA35-68AB-40FE-BF90-BB59F0DC022B}
	EndGlobalSection
EndGlobal
